
Microsoft Visual Studio Solution File, Format Version 12.00
# Visual Studio Version 16
VisualStudioVersion = 16.0.30114.105
MinimumVisualStudioVersion = 10.0.40219.1
Project("{8BC9CEB8-8B4A-11D0-8D11-00A0C91BC942}") = "Brey_11", "Brey_11\Brey_11.vcxproj", "{3A1D1E69-E3D2-49D5-A121-1E1411489EE1}"
EndProject
Global
	GlobalSection(SolutionConfigurationPlatforms) = preSolution
		Debug|x64 = Debug|x64
		Debug|x86 = Debug|x86
		Release|x64 = Release|x64
		Release|x86 = Release|x86
	EndGlobalSection
	GlobalSection(ProjectConfigurationPlatforms) = postSolution
		{3A1D1E69-E3D2-49D5-A121-1E1411489EE1}.Debug|x64.ActiveCfg = Debug|x64
		{3A1D1E69-E3D2-49D5-A121-1E1411489EE1}.Debug|x64.Build.0 = Debug|x64
		{3A1D1E69-E3D2-49D5-A121-1E1411489EE1}.Debug|x86.ActiveCfg = Debug|Win32
		{3A1D1E69-E3D2-49D5-A121-1E1411489EE1}.Debug|x86.Build.0 = Debug|Win32
		{3A1D1E69-E3D2-49D5-A121-1E1411489EE1}.Release|x64.ActiveCfg = Release|x64
		{3A1D1E69-E3D2-49D5-A121-1E1411489EE1}.Release|x64.Build.0 = Release|x64
		{3A1D1E69-E3D2-49D5-A121-1E1411489EE1}.Release|x86.ActiveCfg = Release|Win32
		{3A1D1E69-E3D2-49D5-A121-1E1411489EE1}.Release|x86.Build.0 = Release|Win32
	EndGlobalSection
	GlobalSection(SolutionProperties) = preSolution
		HideSolutionNode = FALSE
	EndGlobalSection
	GlobalSection(ExtensibilityGlobals) = postSolution
		SolutionGuid = {72FE48B4-7FA6-4F8C-BB77-C4E5E30F2BE2}
	EndGlobalSection
EndGlobal
